
Microsoft Visual Studio Solution File, Format Version 12.00
# Visual Studio Version 17
VisualStudioVersion = 17.5.002.0
MinimumVisualStudioVersion = 10.0.40219.1
Project("{9A19103F-16F7-4668-BE54-9A1E7A4F7556}") = "GrpcGreeter", "GrpcGreeter.csproj", "{DCEA79A3-F024-4C7B-857C-3AD7312C3A96}"
EndProject
Global
	GlobalSection(SolutionConfigurationPlatforms) = preSolution
		Debug|Any CPU = Debug|Any CPU
		Release|Any CPU = Release|Any CPU
	EndGlobalSection
	GlobalSection(ProjectConfigurationPlatforms) = postSolution
		{DCEA79A3-F024-4C7B-857C-3AD7312C3A96}.Debug|Any CPU.ActiveCfg = Debug|Any CPU
		{DCEA79A3-F024-4C7B-857C-3AD7312C3A96}.Debug|Any CPU.Build.0 = Debug|Any CPU
		{DCEA79A3-F024-4C7B-857C-3AD7312C3A96}.Release|Any CPU.ActiveCfg = Release|Any CPU
		{DCEA79A3-F024-4C7B-857C-3AD7312C3A96}.Release|Any CPU.Build.0 = Release|Any CPU
	EndGlobalSection
	GlobalSection(SolutionProperties) = preSolution
		HideSolutionNode = FALSE
	EndGlobalSection
	GlobalSection(ExtensibilityGlobals) = postSolution
		SolutionGuid = {F0566608-4292-4072-A0F3-11F8F49DAFB6}
	EndGlobalSection
EndGlobal
